// !$*UTF8*$!
{
	archiveVersion = 1;
	classes = {
	};
	objectVersion = 46;
	objects = {

/* Begin PBXBuildFile section */
		BA0CD4351E2C9785005A5EA4 /* AppDelegate.swift in Sources */ = {isa = PBXBuildFile; fileRef = BA0CD4341E2C9785005A5EA4 /* AppDelegate.swift */; };
		BA0CD43A1E2C9785005A5EA4 /* Main.storyboard in Resources */ = {isa = PBXBuildFile; fileRef = BA0CD4381E2C9785005A5EA4 /* Main.storyboard */; };
		BA0CD43C1E2C9785005A5EA4 /* Assets.xcassets in Resources */ = {isa = PBXBuildFile; fileRef = BA0CD43B1E2C9785005A5EA4 /* Assets.xcassets */; };
		BA0CD43F1E2C9785005A5EA4 /* LaunchScreen.storyboard in Resources */ = {isa = PBXBuildFile; fileRef = BA0CD43D1E2C9785005A5EA4 /* LaunchScreen.storyboard */; };
		BA0CD4471E2C97B5005A5EA4 /* TipCalculatorViewController.swift in Sources */ = {isa = PBXBuildFile; fileRef = BA0CD4461E2C97B5005A5EA4 /* TipCalculatorViewController.swift */; };
		BA0CD4491E2C97CE005A5EA4 /* TipSettingViewController.swift in Sources */ = {isa = PBXBuildFile; fileRef = BA0CD4481E2C97CE005A5EA4 /* TipSettingViewController.swift */; };
/* End PBXBuildFile section */

/* Begin PBXFileReference section */
		BA0CD4311E2C9785005A5EA4 /* TipCalculator.app */ = {isa = PBXFileReference; explicitFileType = wrapper.application; includeInIndex = 0; path = TipCalculator.app; sourceTree = BUILT_PRODUCTS_DIR; };
		BA0CD4341E2C9785005A5EA4 /* AppDelegate.swift */ = {isa = PBXFileReference; lastKnownFileType = sourcecode.swift; path = AppDelegate.swift; sourceTree = "<group>"; };
		BA0CD4391E2C9785005A5EA4 /* Base */ = {isa = PBXFileReference; lastKnownFileType = file.storyboard; name = Base; path = Base.lproj/Main.storyboard; sourceTree = "<group>"; };
		BA0CD43B1E2C9785005A5EA4 /* Assets.xcassets */ = {isa = PBXFileReference; lastKnownFileType = folder.assetcatalog; path = Assets.xcassets; sourceTree = "<group>"; };
		BA0CD43E1E2C9785005A5EA4 /* Base */ = {isa = PBXFileReference; lastKnownFileType = file.storyboard; name = Base; path = Base.lproj/LaunchScreen.storyboard; sourceTree = "<group>"; };
		BA0CD4401E2C9785005A5EA4 /* Info.plist */ = {isa = PBXFileReference; lastKnownFileType = text.plist.xml; path = Info.plist; sourceTree = "<group>"; };
		BA0CD4461E2C97B5005A5EA4 /* TipCalculatorViewController.swift */ = {isa = PBXFileReference; fileEncoding = 4; lastKnownFileType = sourcecode.swift; path = TipCalculatorViewController.swift; sourceTree = "<group>"; };
		BA0CD4481E2C97CE005A5EA4 /* TipSettingViewController.swift */ = {isa = PBXFileReference; fileEncoding = 4; lastKnownFileType = sourcecode.swift; path = TipSettingViewController.swift; sourceTree = "<group>"; };
/* End PBXFileReference section */

/* Begin PBXFrameworksBuildPhase section */
		BA0CD42E1E2C9785005A5EA4 /* Frameworks */ = {
			isa = PBXFrameworksBuildPhase;
			buildActionMask = 2147483647;
			files = (
			);
			runOnlyForDeploymentPostprocessing = 0;
		};
/* End PBXFrameworksBuildPhase section */

/* Begin PBXGroup section */
		BA0CD4281E2C9785005A5EA4 = {
			isa = PBXGroup;
			children = (
				BA0CD4331E2C9785005A5EA4 /* TipCalculator */,
				BA0CD4321E2C9785005A5EA4 /* Products */,
			);
			sourceTree = "<group>";
		};
		BA0CD4321E2C9785005A5EA4 /* Products */ = {
			isa = PBXGroup;
			children = (
				BA0CD4311E2C9785005A5EA4 /* TipCalculator.app */,
			);
			name = Products;
			sourceTree = "<group>";
		};
		BA0CD4331E2C9785005A5EA4 /* TipCalculator */ = {
			isa = PBXGroup;
			children = (
				BA0CD4461E2C97B5005A5EA4 /* TipCalculatorViewController.swift */,
				BA0CD4481E2C97CE005A5EA4 /* TipSettingViewController.swift */,
				BA0CD4341E2C9785005A5EA4 /* AppDelegate.swift */,
				BA0CD4381E2C9785005A5EA4 /* Main.storyboard */,
				BA0CD43B1E2C9785005A5EA4 /* Assets.xcassets */,
				BA0CD43D1E2C9785005A5EA4 /* LaunchScreen.storyboard */,
				BA0CD4401E2C9785005A5EA4 /* Info.plist */,
			);
			path = TipCalculator;
			sourceTree = "<group>";
		};
/* End PBXGroup section */

/* Begin PBXNativeTarget section */
		BA0CD4301E2C9785005A5EA4 /* TipCalculator */ = {
			isa = PBXNativeTarget;
			buildConfigurationList = BA0CD4431E2C9785005A5EA4 /* Build configuration list for PBXNativeTarget "TipCalculator" */;
			buildPhases = (
				BA0CD42D1E2C9785005A5EA4 /* Sources */,
				BA0CD42E1E2C9785005A5EA4 /* Frameworks */,
				BA0CD42F1E2C9785005A5EA4 /* Resources */,
			);
			buildRules = (
			);
			dependencies = (
			);
			name = TipCalculator;
			productName = TipCalculator;
			productReference = BA0CD4311E2C9785005A5EA4 /* TipCalculator.app */;
			productType = "com.apple.product-type.application";
		};
/* End PBXNativeTarget section */

/* Begin PBXProject section */
		BA0CD4291E2C9785005A5EA4 /* Project object */ = {
			isa = PBXProject;
			attributes = {
				LastSwiftUpdateCheck = 0820;
				LastUpgradeCheck = 0820;
				ORGANIZATIONNAME = Henry;
				TargetAttributes = {
					BA0CD4301E2C9785005A5EA4 = {
						CreatedOnToolsVersion = 8.2.1;
						ProvisioningStyle = Automatic;
					};
				};
			};
			buildConfigurationList = BA0CD42C1E2C9785005A5EA4 /* Build configuration list for PBXProject "TipCalculator" */;
			compatibilityVersion = "Xcode 3.2";
			developmentRegion = English;
			hasScannedForEncodings = 0;
			knownRegions = (
				en,
				Base,
			);
			mainGroup = BA0CD4281E2C9785005A5EA4;
			productRefGroup = BA0CD4321E2C9785005A5EA4 /* Products */;
			projectDirPath = "";
			projectRoot = "";
			targets = (
				BA0CD4301E2C9785005A5EA4 /* TipCalculator */,
			);
		};
/* End PBXProject section */

/* Begin PBXResourcesBuildPhase section */
		BA0CD42F1E2C9785005A5EA4 /* Resources */ = {
			isa = PBXResourcesBuildPhase;
			buildActionMask = 2147483647;
			files = (
				BA0CD43F1E2C9785005A5EA4 /* LaunchScreen.storyboard in Resources */,
				BA0CD43C1E2C9785005A5EA4 /* Assets.xcassets in Resources */,
				BA0CD43A1E2C9785005A5EA4 /* Main.storyboard in Resources */,
			);
			runOnlyForDeploymentPostprocessing = 0;
		};
/* End PBXResourcesBuildPhase section */

/* Begin PBXSourcesBuildPhase section */
		BA0CD42D1E2C9785005A5EA4 /* Sources */ = {
			isa = PBXSourcesBuildPhase;
			buildActionMask = 2147483647;
			files = (
				BA0CD4471E2C97B5005A5EA4 /* TipCalculatorViewController.swift in Sources */,
				BA0CD4351E2C9785005A5EA4 /* AppDelegate.swift in Sources */,
				BA0CD4491E2C97CE005A5EA4 /* TipSettingViewController.swift in Sources */,
			);
			runOnlyForDeploymentPostprocessing = 0;
		};
/* End PBXSourcesBuildPhase section */

/* Begin PBXVariantGroup section */
		BA0CD4381E2C9785005A5EA4 /* Main.storyboard */ = {
			isa = PBXVariantGroup;
			children = (
				BA0CD4391E2C9785005A5EA4 /* Base */,
			);
			name = Main.storyboard;
			sourceTree = "<group>";
		};
		BA0CD43D1E2C9785005A5EA4 /* LaunchScreen.storyboard */ = {
			isa = PBXVariantGroup;
			children = (
				BA0CD43E1E2C9785005A5EA4 /* Base */,
			);
			name = LaunchScreen.storyboard;
			sourceTree = "<group>";
		};
/* End PBXVariantGroup section */

/* Begin XCBuildConfiguration section */
		BA0CD4411E2C9785005A5EA4 /* Debug */ = {
			isa = XCBuildConfiguration;
			buildSettings = {
				ALWAYS_SEARCH_USER_PATHS = NO;
				CLANG_ANALYZER_NONNULL = YES;
				CLANG_CXX_LANGUAGE_STANDARD = "gnu++0x";
				CLANG_CXX_LIBRARY = "libc++";
				CLANG_ENABLE_MODULES = YES;
				CLANG_ENABLE_OBJC_ARC = YES;
				CLANG_WARN_BOOL_CONVERSION = YES;
				CLANG_WARN_CONSTANT_CONVERSION = YES;
				CLANG_WARN_DIRECT_OBJC_ISA_USAGE = YES_ERROR;
				CLANG_WARN_DOCUMENTATION_COMMENTS = YES;
				CLANG_WARN_EMPTY_BODY = YES;
				CLANG_WARN_ENUM_CONVERSION = YES;
				CLANG_WARN_INFINITE_RECURSION = YES;
				CLANG_WARN_INT_CONVERSION = YES;
				CLANG_WARN_OBJC_ROOT_CLASS = YES_ERROR;
				CLANG_WARN_SUSPICIOUS_MOVE = YES;
				CLANG_WARN_UNREACHABLE_CODE = YES;
				CLANG_WARN__DUPLICATE_METHOD_MATCH = YES;
				"CODE_SIGN_IDENTITY[sdk=iphoneos*]" = "iPhone Developer";
				COPY_PHASE_STRIP = NO;
				DEBUG_INFORMATION_FORMAT = dwarf;
				ENABLE_STRICT_OBJC_MSGSEND = YES;
				ENABLE_TESTABILITY = YES;
				GCC_C_LANGUAGE_STANDARD = gnu99;
				GCC_DYNAMIC_NO_PIC = NO;
				GCC_NO_COMMON_BLOCKS = YES;
				GCC_OPTIMIZATION_LEVEL = 0;
				GCC_PREPROCESSOR_DEFINITIONS = (
					"DEBUG=1",
					"$(inherited)",
				);
				GCC_WARN_64_TO_32_BIT_CONVERSION = YES;
				GCC_WARN_ABOUT_RETURN_TYPE = YES_ERROR;
				GCC_WARN_UNDECLARED_SELECTOR = YES;
				GCC_WARN_UNINITIALIZED_AUTOS = YES_AGGRESSIVE;
				GCC_WARN_UNUSED_FUNCTION = YES;
				GCC_WARN_UNUSED_VARIABLE = YES;
				IPHONEOS_DEPLOYMENT_TARGET = 10.2;
				MTL_ENABLE_DEBUG_INFO = YES;
				ONLY_ACTIVE_ARCH = YES;
				SDKROOT = iphoneos;
				SWIFT_ACTIVE_COMPILATION_CONDITIONS = DEBUG;
				SWIFT_OPTIMIZATION_LEVEL = "-Onone";
			};
			name = Debug;
		};
		BA0CD4421E2C9785005A5EA4 /* Release */ = {
			isa = XCBuildConfiguration;
			buildSettings = {
				ALWAYS_SEARCH_USER_PATHS = NO;
				CLANG_ANALYZER_NONNULL = YES;
				CLANG_CXX_LANGUAGE_STANDARD = "gnu++0x";
				CLANG_CXX_LIBRARY = "libc++";
				CLANG_ENABLE_MODULES = YES;
				CLANG_ENABLE_OBJC_ARC = YES;
				CLANG_WARN_BOOL_CONVERSION = YES;
				CLANG_WARN_CONSTANT_CONVERSION = YES;
				CLANG_WARN_DIRECT_OBJC_ISA_USAGE = YES_ERROR;
				CLANG_WARN_DOCUMENTATION_COMMENTS = YES;
				CLANG_WARN_EMPTY_BODY = YES;
				CLANG_WARN_ENUM_CONVERSION = YES;
				CLANG_WARN_INFINITE_RECURSION = YES;
				CLANG_WARN_INT_CONVERSION = YES;
				CLANG_WARN_OBJC_ROOT_CLASS = YES_ERROR;
				CLANG_WARN_SUSPICIOUS_MOVE = YES;
				CLANG_WARN_UNREACHABLE_CODE = YES;
				CLANG_WARN__DUPLICATE_METHOD_MATCH = YES;
				"CODE_SIGN_IDENTITY[sdk=iphoneos*]" = "iPhone Developer";
				COPY_PHASE_STRIP = NO;
				DEBUG_INFORMATION_FORMAT = "dwarf-with-dsym";
				ENABLE_NS_ASSERTIONS = NO;
				ENABLE_STRICT_OBJC_MSGSEND = YES;
				GCC_C_LANGUAGE_STANDARD = gnu99;
				GCC_NO_COMMON_BLOCKS = YES;
				GCC_WARN_64_TO_32_BIT_CONVERSION = YES;
				GCC_WARN_ABOUT_RETURN_TYPE = YES_ERROR;
				GCC_WARN_UNDECLARED_SELECTOR = YES;
				GCC_WARN_UNINITIALIZED_AUTOS = YES_AGGRESSIVE;
				GCC_WARN_UNUSED_FUNCTION = YES;
				GCC_WARN_UNUSED_VARIABLE = YES;
				IPHONEOS_DEPLOYMENT_TARGET = 10.2;
				MTL_ENABLE_DEBUG_INFO = NO;
				SDKROOT = iphoneos;
				SWIFT_OPTIMIZATION_LEVEL = "-Owholemodule";
				VALIDATE_PRODUCT = YES;
			};
			name = Release;
		};
		BA0CD4441E2C9785005A5EA4 /* Debug */ = {
			isa = XCBuildConfiguration;
			buildSettings = {
				ASSETCATALOG_COMPILER_APPICON_NAME = AppIcon;
				INFOPLIST_FILE = TipCalculator/Info.plist;
				LD_RUNPATH_SEARCH_PATHS = "$(inherited) @executable_path/Frameworks";
				PRODUCT_BUNDLE_IDENTIFIER = HT.TipCalculator;
				PRODUCT_NAME = "$(TARGET_NAME)";
				SWIFT_VERSION = 3.0;
			};
			name = Debug;
		};
		BA0CD4451E2C9785005A5EA4 /* Release */ = {
			isa = XCBuildConfiguration;
			buildSettings = {
				ASSETCATALOG_COMPILER_APPICON_NAME = AppIcon;
				INFOPLIST_FILE = TipCalculator/Info.plist;
				LD_RUNPATH_SEARCH_PATHS = "$(inherited) @executable_path/Frameworks";
				PRODUCT_BUNDLE_IDENTIFIER = HT.TipCalculator;
				PRODUCT_NAME = "$(TARGET_NAME)";
				SWIFT_VERSION = 3.0;
			};
			name = Release;
		};
/* End XCBuildConfiguration section */

/* Begin XCConfigurationList section */
		BA0CD42C1E2C9785005A5EA4 /* Build configuration list for PBXProject "TipCalculator" */ = {
			isa = XCConfigurationList;
			buildConfigurations = (
				BA0CD4411E2C9785005A5EA4 /* Debug */,
				BA0CD4421E2C9785005A5EA4 /* Release */,
			);
			defaultConfigurationIsVisible = 0;
			defaultConfigurationName = Release;
		};
		BA0CD4431E2C9785005A5EA4 /* Build configuration list for PBXNativeTarget "TipCalculator" */ = {
			isa = XCConfigurationList;
			buildConfigurations = (
				BA0CD4441E2C9785005A5EA4 /* Debug */,
				BA0CD4451E2C9785005A5EA4 /* Release */,
			);
			defaultConfigurationIsVisible = 0;
		};
/* End XCConfigurationList section */
	};
	rootObject = BA0CD4291E2C9785005A5EA4 /* Project object */;
}
